
Microsoft Visual Studio Solution File, Format Version 12.00
# Visual Studio 15
VisualStudioVersion = 15.0.28307.489
MinimumVisualStudioVersion = 10.0.40219.1
Project("{FAE04EC0-301F-11D3-BF4B-00C04F79EFBC}") = "Timesheet-Xamarin.Android", "Timesheet-Xamarin\Timesheet-Xamarin.Android\Timesheet-Xamarin.Android.csproj", "{6EB70B4B-8FAF-42E3-A3C7-F0F1FB449A7C}"
EndProject
Project("{FAE04EC0-301F-11D3-BF4B-00C04F79EFBC}") = "Timesheet-Xamarin.iOS", "Timesheet-Xamarin\Timesheet-Xamarin.iOS\Timesheet-Xamarin.iOS.csproj", "{8B2FECC7-316D-4BB7-B46A-B1E60FFDB1FD}"
EndProject
Project("{FAE04EC0-301F-11D3-BF4B-00C04F79EFBC}") = "Timesheet-Xamarin", "Timesheet-Xamarin\Timesheet-Xamarin\Timesheet-Xamarin.csproj", "{1FF3F243-80CE-4ECE-AD4B-318BFE34941E}"
EndProject
Project("{FAE04EC0-301F-11D3-BF4B-00C04F79EFBC}") = "Timesheet-Library", "Timesheet-Library\Timesheet-Library.csproj", "{C562DA96-79B4-48B1-8D50-B7F9C7D6EA1B}"
EndProject
Global
	GlobalSection(SolutionConfigurationPlatforms) = preSolution
		Ad-Hoc|Any CPU = Ad-Hoc|Any CPU
		Ad-Hoc|iPhone = Ad-Hoc|iPhone
		Ad-Hoc|iPhoneSimulator = Ad-Hoc|iPhoneSimulator
		AppStore|Any CPU = AppStore|Any CPU
		AppStore|iPhone = AppStore|iPhone
		AppStore|iPhoneSimulator = AppStore|iPhoneSimulator
		Debug|Any CPU = Debug|Any CPU
		Debug|iPhone = Debug|iPhone
		Debug|iPhoneSimulator = Debug|iPhoneSimulator
		Release|Any CPU = Release|Any CPU
		Release|iPhone = Release|iPhone
		Release|iPhoneSimulator = Release|iPhoneSimulator
	EndGlobalSection
	GlobalSection(ProjectConfigurationPlatforms) = postSolution
		{6EB70B4B-8FAF-42E3-A3C7-F0F1FB449A7C}.Ad-Hoc|Any CPU.ActiveCfg = Release|Any CPU
		{6EB70B4B-8FAF-42E3-A3C7-F0F1FB449A7C}.Ad-Hoc|Any CPU.Build.0 = Release|Any CPU
		{6EB70B4B-8FAF-42E3-A3C7-F0F1FB449A7C}.Ad-Hoc|Any CPU.Deploy.0 = Release|Any CPU
		{6EB70B4B-8FAF-42E3-A3C7-F0F1FB449A7C}.Ad-Hoc|iPhone.ActiveCfg = Release|Any CPU
		{6EB70B4B-8FAF-42E3-A3C7-F0F1FB449A7C}.Ad-Hoc|iPhone.Build.0 = Release|Any CPU
		{6EB70B4B-8FAF-42E3-A3C7-F0F1FB449A7C}.Ad-Hoc|iPhone.Deploy.0 = Release|Any CPU
		{6EB70B4B-8FAF-42E3-A3C7-F0F1FB449A7C}.Ad-Hoc|iPhoneSimulator.ActiveCfg = Release|Any CPU
		{6EB70B4B-8FAF-42E3-A3C7-F0F1FB449A7C}.Ad-Hoc|iPhoneSimulator.Build.0 = Release|Any CPU
		{6EB70B4B-8FAF-42E3-A3C7-F0F1FB449A7C}.Ad-Hoc|iPhoneSimulator.Deploy.0 = Release|Any CPU
		{6EB70B4B-8FAF-42E3-A3C7-F0F1FB449A7C}.AppStore|Any CPU.ActiveCfg = Release|Any CPU
		{6EB70B4B-8FAF-42E3-A3C7-F0F1FB449A7C}.AppStore|Any CPU.Build.0 = Release|Any CPU
		{6EB70B4B-8FAF-42E3-A3C7-F0F1FB449A7C}.AppStore|Any CPU.Deploy.0 = Release|Any CPU
		{6EB70B4B-8FAF-42E3-A3C7-F0F1FB449A7C}.AppStore|iPhone.ActiveCfg = Release|Any CPU
		{6EB70B4B-8FAF-42E3-A3C7-F0F1FB449A7C}.AppStore|iPhone.Build.0 = Release|Any CPU
		{6EB70B4B-8FAF-42E3-A3C7-F0F1FB449A7C}.AppStore|iPhone.Deploy.0 = Release|Any CPU
		{6EB70B4B-8FAF-42E3-A3C7-F0F1FB449A7C}.AppStore|iPhoneSimulator.ActiveCfg = Release|Any CPU
		{6EB70B4B-8FAF-42E3-A3C7-F0F1FB449A7C}.AppStore|iPhoneSimulator.Build.0 = Release|Any CPU
		{6EB70B4B-8FAF-42E3-A3C7-F0F1FB449A7C}.AppStore|iPhoneSimulator.Deploy.0 = Release|Any CPU
		{6EB70B4B-8FAF-42E3-A3C7-F0F1FB449A7C}.Debug|Any CPU.ActiveCfg = Debug|Any CPU
		{6EB70B4B-8FAF-42E3-A3C7-F0F1FB449A7C}.Debug|Any CPU.Build.0 = Debug|Any CPU
		{6EB70B4B-8FAF-42E3-A3C7-F0F1FB449A7C}.Debug|Any CPU.Deploy.0 = Debug|Any CPU
		{6EB70B4B-8FAF-42E3-A3C7-F0F1FB449A7C}.Debug|iPhone.ActiveCfg = Debug|Any CPU
		{6EB70B4B-8FAF-42E3-A3C7-F0F1FB449A7C}.Debug|iPhone.Build.0 = Debug|Any CPU
		{6EB70B4B-8FAF-42E3-A3C7-F0F1FB449A7C}.Debug|iPhone.Deploy.0 = Debug|Any CPU
		{6EB70B4B-8FAF-42E3-A3C7-F0F1FB449A7C}.Debug|iPhoneSimulator.ActiveCfg = Debug|Any CPU
		{6EB70B4B-8FAF-42E3-A3C7-F0F1FB449A7C}.Debug|iPhoneSimulator.Build.0 = Debug|Any CPU
		{6EB70B4B-8FAF-42E3-A3C7-F0F1FB449A7C}.Debug|iPhoneSimulator.Deploy.0 = Debug|Any CPU
		{6EB70B4B-8FAF-42E3-A3C7-F0F1FB449A7C}.Release|Any CPU.ActiveCfg = Release|Any CPU
		{6EB70B4B-8FAF-42E3-A3C7-F0F1FB449A7C}.Release|Any CPU.Build.0 = Release|Any CPU
		{6EB70B4B-8FAF-42E3-A3C7-F0F1FB449A7C}.Release|Any CPU.Deploy.0 = Release|Any CPU
		{6EB70B4B-8FAF-42E3-A3C7-F0F1FB449A7C}.Release|iPhone.ActiveCfg = Release|Any CPU
		{6EB70B4B-8FAF-42E3-A3C7-F0F1FB449A7C}.Release|iPhone.Build.0 = Release|Any CPU
		{6EB70B4B-8FAF-42E3-A3C7-F0F1FB449A7C}.Release|iPhone.Deploy.0 = Release|Any CPU
		{6EB70B4B-8FAF-42E3-A3C7-F0F1FB449A7C}.Release|iPhoneSimulator.ActiveCfg = Release|Any CPU
		{6EB70B4B-8FAF-42E3-A3C7-F0F1FB449A7C}.Release|iPhoneSimulator.Build.0 = Release|Any CPU
		{6EB70B4B-8FAF-42E3-A3C7-F0F1FB449A7C}.Release|iPhoneSimulator.Deploy.0 = Release|Any CPU
		{8B2FECC7-316D-4BB7-B46A-B1E60FFDB1FD}.Ad-Hoc|Any CPU.ActiveCfg = Ad-Hoc|iPhone
		{8B2FECC7-316D-4BB7-B46A-B1E60FFDB1FD}.Ad-Hoc|iPhone.ActiveCfg = Ad-Hoc|iPhone
		{8B2FECC7-316D-4BB7-B46A-B1E60FFDB1FD}.Ad-Hoc|iPhone.Build.0 = Ad-Hoc|iPhone
		{8B2FECC7-316D-4BB7-B46A-B1E60FFDB1FD}.Ad-Hoc|iPhoneSimulator.ActiveCfg = Ad-Hoc|iPhoneSimulator
		{8B2FECC7-316D-4BB7-B46A-B1E60FFDB1FD}.Ad-Hoc|iPhoneSimulator.Build.0 = Ad-Hoc|iPhoneSimulator
		{8B2FECC7-316D-4BB7-B46A-B1E60FFDB1FD}.AppStore|Any CPU.ActiveCfg = AppStore|iPhone
		{8B2FECC7-316D-4BB7-B46A-B1E60FFDB1FD}.AppStore|iPhone.ActiveCfg = AppStore|iPhone
		{8B2FECC7-316D-4BB7-B46A-B1E60FFDB1FD}.AppStore|iPhone.Build.0 = AppStore|iPhone
		{8B2FECC7-316D-4BB7-B46A-B1E60FFDB1FD}.AppStore|iPhoneSimulator.ActiveCfg = AppStore|iPhoneSimulator
		{8B2FECC7-316D-4BB7-B46A-B1E60FFDB1FD}.AppStore|iPhoneSimulator.Build.0 = AppStore|iPhoneSimulator
		{8B2FECC7-316D-4BB7-B46A-B1E60FFDB1FD}.Debug|Any CPU.ActiveCfg = Debug|iPhone
		{8B2FECC7-316D-4BB7-B46A-B1E60FFDB1FD}.Debug|iPhone.ActiveCfg = Debug|iPhone
		{8B2FECC7-316D-4BB7-B46A-B1E60FFDB1FD}.Debug|iPhone.Build.0 = Debug|iPhone
		{8B2FECC7-316D-4BB7-B46A-B1E60FFDB1FD}.Debug|iPhoneSimulator.ActiveCfg = Debug|iPhoneSimulator
		{8B2FECC7-316D-4BB7-B46A-B1E60FFDB1FD}.Debug|iPhoneSimulator.Build.0 = Debug|iPhoneSimulator
		{8B2FECC7-316D-4BB7-B46A-B1E60FFDB1FD}.Release|Any CPU.ActiveCfg = Release|iPhone
		{8B2FECC7-316D-4BB7-B46A-B1E60FFDB1FD}.Release|iPhone.ActiveCfg = Release|iPhone
		{8B2FECC7-316D-4BB7-B46A-B1E60FFDB1FD}.Release|iPhone.Build.0 = Release|iPhone
		{8B2FECC7-316D-4BB7-B46A-B1E60FFDB1FD}.Release|iPhoneSimulator.ActiveCfg = Release|iPhoneSimulator
		{8B2FECC7-316D-4BB7-B46A-B1E60FFDB1FD}.Release|iPhoneSimulator.Build.0 = Release|iPhoneSimulator
		{1FF3F243-80CE-4ECE-AD4B-318BFE34941E}.Ad-Hoc|Any CPU.ActiveCfg = Debug|Any CPU
		{1FF3F243-80CE-4ECE-AD4B-318BFE34941E}.Ad-Hoc|Any CPU.Build.0 = Debug|Any CPU
		{1FF3F243-80CE-4ECE-AD4B-318BFE34941E}.Ad-Hoc|iPhone.ActiveCfg = Debug|Any CPU
		{1FF3F243-80CE-4ECE-AD4B-318BFE34941E}.Ad-Hoc|iPhone.Build.0 = Debug|Any CPU
		{1FF3F243-80CE-4ECE-AD4B-318BFE34941E}.Ad-Hoc|iPhoneSimulator.ActiveCfg = Debug|Any CPU
		{1FF3F243-80CE-4ECE-AD4B-318BFE34941E}.Ad-Hoc|iPhoneSimulator.Build.0 = Debug|Any CPU
		{1FF3F243-80CE-4ECE-AD4B-318BFE34941E}.AppStore|Any CPU.ActiveCfg = Debug|Any CPU
		{1FF3F243-80CE-4ECE-AD4B-318BFE34941E}.AppStore|Any CPU.Build.0 = Debug|Any CPU
		{1FF3F243-80CE-4ECE-AD4B-318BFE34941E}.AppStore|iPhone.ActiveCfg = Debug|Any CPU
		{1FF3F243-80CE-4ECE-AD4B-318BFE34941E}.AppStore|iPhone.Build.0 = Debug|Any CPU
		{1FF3F243-80CE-4ECE-AD4B-318BFE34941E}.AppStore|iPhoneSimulator.ActiveCfg = Debug|Any CPU
		{1FF3F243-80CE-4ECE-AD4B-318BFE34941E}.AppStore|iPhoneSimulator.Build.0 = Debug|Any CPU
		{1FF3F243-80CE-4ECE-AD4B-318BFE34941E}.Debug|Any CPU.ActiveCfg = Debug|Any CPU
		{1FF3F243-80CE-4ECE-AD4B-318BFE34941E}.Debug|Any CPU.Build.0 = Debug|Any CPU
		{1FF3F243-80CE-4ECE-AD4B-318BFE34941E}.Debug|iPhone.ActiveCfg = Debug|Any CPU
		{1FF3F243-80CE-4ECE-AD4B-318BFE34941E}.Debug|iPhone.Build.0 = Debug|Any CPU
		{1FF3F243-80CE-4ECE-AD4B-318BFE34941E}.Debug|iPhoneSimulator.ActiveCfg = Debug|Any CPU
		{1FF3F243-80CE-4ECE-AD4B-318BFE34941E}.Debug|iPhoneSimulator.Build.0 = Debug|Any CPU
		{1FF3F243-80CE-4ECE-AD4B-318BFE34941E}.Release|Any CPU.ActiveCfg = Release|Any CPU
		{1FF3F243-80CE-4ECE-AD4B-318BFE34941E}.Release|Any CPU.Build.0 = Release|Any CPU
		{1FF3F243-80CE-4ECE-AD4B-318BFE34941E}.Release|iPhone.ActiveCfg = Release|Any CPU
		{1FF3F243-80CE-4ECE-AD4B-318BFE34941E}.Release|iPhone.Build.0 = Release|Any CPU
		{1FF3F243-80CE-4ECE-AD4B-318BFE34941E}.Release|iPhoneSimulator.ActiveCfg = Release|Any CPU
		{1FF3F243-80CE-4ECE-AD4B-318BFE34941E}.Release|iPhoneSimulator.Build.0 = Release|Any CPU
		{C562DA96-79B4-48B1-8D50-B7F9C7D6EA1B}.Ad-Hoc|Any CPU.ActiveCfg = Debug|Any CPU
		{C562DA96-79B4-48B1-8D50-B7F9C7D6EA1B}.Ad-Hoc|Any CPU.Build.0 = Debug|Any CPU
		{C562DA96-79B4-48B1-8D50-B7F9C7D6EA1B}.Ad-Hoc|iPhone.ActiveCfg = Debug|Any CPU
		{C562DA96-79B4-48B1-8D50-B7F9C7D6EA1B}.Ad-Hoc|iPhone.Build.0 = Debug|Any CPU
		{C562DA96-79B4-48B1-8D50-B7F9C7D6EA1B}.Ad-Hoc|iPhoneSimulator.ActiveCfg = Debug|Any CPU
		{C562DA96-79B4-48B1-8D50-B7F9C7D6EA1B}.Ad-Hoc|iPhoneSimulator.Build.0 = Debug|Any CPU
		{C562DA96-79B4-48B1-8D50-B7F9C7D6EA1B}.AppStore|Any CPU.ActiveCfg = Debug|Any CPU
		{C562DA96-79B4-48B1-8D50-B7F9C7D6EA1B}.AppStore|Any CPU.Build.0 = Debug|Any CPU
		{C562DA96-79B4-48B1-8D50-B7F9C7D6EA1B}.AppStore|iPhone.ActiveCfg = Debug|Any CPU
		{C562DA96-79B4-48B1-8D50-B7F9C7D6EA1B}.AppStore|iPhone.Build.0 = Debug|Any CPU
		{C562DA96-79B4-48B1-8D50-B7F9C7D6EA1B}.AppStore|iPhoneSimulator.ActiveCfg = Debug|Any CPU
		{C562DA96-79B4-48B1-8D50-B7F9C7D6EA1B}.AppStore|iPhoneSimulator.Build.0 = Debug|Any CPU
		{C562DA96-79B4-48B1-8D50-B7F9C7D6EA1B}.Debug|Any CPU.ActiveCfg = Debug|Any CPU
		{C562DA96-79B4-48B1-8D50-B7F9C7D6EA1B}.Debug|Any CPU.Build.0 = Debug|Any CPU
		{C562DA96-79B4-48B1-8D50-B7F9C7D6EA1B}.Debug|iPhone.ActiveCfg = Debug|Any CPU
		{C562DA96-79B4-48B1-8D50-B7F9C7D6EA1B}.Debug|iPhone.Build.0 = Debug|Any CPU
		{C562DA96-79B4-48B1-8D50-B7F9C7D6EA1B}.Debug|iPhoneSimulator.ActiveCfg = Debug|Any CPU
		{C562DA96-79B4-48B1-8D50-B7F9C7D6EA1B}.Debug|iPhoneSimulator.Build.0 = Debug|Any CPU
		{C562DA96-79B4-48B1-8D50-B7F9C7D6EA1B}.Release|Any CPU.ActiveCfg = Release|Any CPU
		{C562DA96-79B4-48B1-8D50-B7F9C7D6EA1B}.Release|Any CPU.Build.0 = Release|Any CPU
		{C562DA96-79B4-48B1-8D50-B7F9C7D6EA1B}.Release|iPhone.ActiveCfg = Release|Any CPU
		{C562DA96-79B4-48B1-8D50-B7F9C7D6EA1B}.Release|iPhone.Build.0 = Release|Any CPU
		{C562DA96-79B4-48B1-8D50-B7F9C7D6EA1B}.Release|iPhoneSimulator.ActiveCfg = Release|Any CPU
		{C562DA96-79B4-48B1-8D50-B7F9C7D6EA1B}.Release|iPhoneSimulator.Build.0 = Release|Any CPU
	EndGlobalSection
	GlobalSection(SolutionProperties) = preSolution
		HideSolutionNode = FALSE
	EndGlobalSection
	GlobalSection(ExtensibilityGlobals) = postSolution
		SolutionGuid = {3DDA65CB-C7ED-45C8-81E1-07480FB02785}
	EndGlobalSection
EndGlobal
